// !$*UTF8*$!
{
	archiveVersion = 1;
	classes = {
	};
	objectVersion = 56;
	objects = {

/* Begin PBXBuildFile section */
		55DE6F2A291933B800DBBCA7 /* AppDelegate.swift in Sources */ = {isa = PBXBuildFile; fileRef = 55DE6F29291933B800DBBCA7 /* AppDelegate.swift */; };
		55DE6F2C291933B800DBBCA7 /* SceneDelegate.swift in Sources */ = {isa = PBXBuildFile; fileRef = 55DE6F2B291933B800DBBCA7 /* SceneDelegate.swift */; };
		55DE6F2E291933B800DBBCA7 /* ViewController.swift in Sources */ = {isa = PBXBuildFile; fileRef = 55DE6F2D291933B800DBBCA7 /* ViewController.swift */; };
		55DE6F31291933B800DBBCA7 /* Main.storyboard in Resources */ = {isa = PBXBuildFile; fileRef = 55DE6F2F291933B800DBBCA7 /* Main.storyboard */; };
		55DE6F33291933BB00DBBCA7 /* Assets.xcassets in Resources */ = {isa = PBXBuildFile; fileRef = 55DE6F32291933BB00DBBCA7 /* Assets.xcassets */; };
		55DE6F36291933BB00DBBCA7 /* LaunchScreen.storyboard in Resources */ = {isa = PBXBuildFile; fileRef = 55DE6F34291933BB00DBBCA7 /* LaunchScreen.storyboard */; };
		55DE6F41291933BC00DBBCA7 /* MyHabitsTests.swift in Sources */ = {isa = PBXBuildFile; fileRef = 55DE6F40291933BC00DBBCA7 /* MyHabitsTests.swift */; };
		55DE6F4B291933BC00DBBCA7 /* MyHabitsUITests.swift in Sources */ = {isa = PBXBuildFile; fileRef = 55DE6F4A291933BC00DBBCA7 /* MyHabitsUITests.swift */; };
		55DE6F4D291933BC00DBBCA7 /* MyHabitsUITestsLaunchTests.swift in Sources */ = {isa = PBXBuildFile; fileRef = 55DE6F4C291933BC00DBBCA7 /* MyHabitsUITestsLaunchTests.swift */; };
/* End PBXBuildFile section */

/* Begin PBXContainerItemProxy section */
		55DE6F3D291933BC00DBBCA7 /* PBXContainerItemProxy */ = {
			isa = PBXContainerItemProxy;
			containerPortal = 55DE6F1E291933B800DBBCA7 /* Project object */;
			proxyType = 1;
			remoteGlobalIDString = 55DE6F25291933B800DBBCA7;
			remoteInfo = MyHabits;
		};
		55DE6F47291933BC00DBBCA7 /* PBXContainerItemProxy */ = {
			isa = PBXContainerItemProxy;
			containerPortal = 55DE6F1E291933B800DBBCA7 /* Project object */;
			proxyType = 1;
			remoteGlobalIDString = 55DE6F25291933B800DBBCA7;
			remoteInfo = MyHabits;
		};
/* End PBXContainerItemProxy section */

/* Begin PBXFileReference section */
		55DE6F26291933B800DBBCA7 /* MyHabits.app */ = {isa = PBXFileReference; explicitFileType = wrapper.application; includeInIndex = 0; path = MyHabits.app; sourceTree = BUILT_PRODUCTS_DIR; };
		55DE6F29291933B800DBBCA7 /* AppDelegate.swift */ = {isa = PBXFileReference; lastKnownFileType = sourcecode.swift; path = AppDelegate.swift; sourceTree = "<group>"; };
		55DE6F2B291933B800DBBCA7 /* SceneDelegate.swift */ = {isa = PBXFileReference; lastKnownFileType = sourcecode.swift; path = SceneDelegate.swift; sourceTree = "<group>"; };
		55DE6F2D291933B800DBBCA7 /* ViewController.swift */ = {isa = PBXFileReference; lastKnownFileType = sourcecode.swift; path = ViewController.swift; sourceTree = "<group>"; };
		55DE6F30291933B800DBBCA7 /* Base */ = {isa = PBXFileReference; lastKnownFileType = file.storyboard; name = Base; path = Base.lproj/Main.storyboard; sourceTree = "<group>"; };
		55DE6F32291933BB00DBBCA7 /* Assets.xcassets */ = {isa = PBXFileReference; lastKnownFileType = folder.assetcatalog; path = Assets.xcassets; sourceTree = "<group>"; };
		55DE6F35291933BB00DBBCA7 /* Base */ = {isa = PBXFileReference; lastKnownFileType = file.storyboard; name = Base; path = Base.lproj/LaunchScreen.storyboard; sourceTree = "<group>"; };
		55DE6F37291933BB00DBBCA7 /* Info.plist */ = {isa = PBXFileReference; lastKnownFileType = text.plist.xml; path = Info.plist; sourceTree = "<group>"; };
		55DE6F3C291933BC00DBBCA7 /* MyHabitsTests.xctest */ = {isa = PBXFileReference; explicitFileType = wrapper.cfbundle; includeInIndex = 0; path = MyHabitsTests.xctest; sourceTree = BUILT_PRODUCTS_DIR; };
		55DE6F40291933BC00DBBCA7 /* MyHabitsTests.swift */ = {isa = PBXFileReference; lastKnownFileType = sourcecode.swift; path = MyHabitsTests.swift; sourceTree = "<group>"; };
		55DE6F46291933BC00DBBCA7 /* MyHabitsUITests.xctest */ = {isa = PBXFileReference; explicitFileType = wrapper.cfbundle; includeInIndex = 0; path = MyHabitsUITests.xctest; sourceTree = BUILT_PRODUCTS_DIR; };
		55DE6F4A291933BC00DBBCA7 /* MyHabitsUITests.swift */ = {isa = PBXFileReference; lastKnownFileType = sourcecode.swift; path = MyHabitsUITests.swift; sourceTree = "<group>"; };
		55DE6F4C291933BC00DBBCA7 /* MyHabitsUITestsLaunchTests.swift */ = {isa = PBXFileReference; lastKnownFileType = sourcecode.swift; path = MyHabitsUITestsLaunchTests.swift; sourceTree = "<group>"; };
/* End PBXFileReference section */

/* Begin PBXFrameworksBuildPhase section */
		55DE6F23291933B800DBBCA7 /* Frameworks */ = {
			isa = PBXFrameworksBuildPhase;
			buildActionMask = 2147483647;
			files = (
			);
			runOnlyForDeploymentPostprocessing = 0;
		};
		55DE6F39291933BC00DBBCA7 /* Frameworks */ = {
			isa = PBXFrameworksBuildPhase;
			buildActionMask = 2147483647;
			files = (
			);
			runOnlyForDeploymentPostprocessing = 0;
		};
		55DE6F43291933BC00DBBCA7 /* Frameworks */ = {
			isa = PBXFrameworksBuildPhase;
			buildActionMask = 2147483647;
			files = (
			);
			runOnlyForDeploymentPostprocessing = 0;
		};
/* End PBXFrameworksBuildPhase section */

/* Begin PBXGroup section */
		55DE6F1D291933B800DBBCA7 = {
			isa = PBXGroup;
			children = (
				55DE6F28291933B800DBBCA7 /* MyHabits */,
				55DE6F3F291933BC00DBBCA7 /* MyHabitsTests */,
				55DE6F49291933BC00DBBCA7 /* MyHabitsUITests */,
				55DE6F27291933B800DBBCA7 /* Products */,
			);
			sourceTree = "<group>";
		};
		55DE6F27291933B800DBBCA7 /* Products */ = {
			isa = PBXGroup;
			children = (
				55DE6F26291933B800DBBCA7 /* MyHabits.app */,
				55DE6F3C291933BC00DBBCA7 /* MyHabitsTests.xctest */,
				55DE6F46291933BC00DBBCA7 /* MyHabitsUITests.xctest */,
			);
			name = Products;
			sourceTree = "<group>";
		};
		55DE6F28291933B800DBBCA7 /* MyHabits */ = {
			isa = PBXGroup;
			children = (
				55DE6F29291933B800DBBCA7 /* AppDelegate.swift */,
				55DE6F2B291933B800DBBCA7 /* SceneDelegate.swift */,
				55DE6F2D291933B800DBBCA7 /* ViewController.swift */,
				55DE6F2F291933B800DBBCA7 /* Main.storyboard */,
				55DE6F32291933BB00DBBCA7 /* Assets.xcassets */,
				55DE6F34291933BB00DBBCA7 /* LaunchScreen.storyboard */,
				55DE6F37291933BB00DBBCA7 /* Info.plist */,
			);
			path = MyHabits;
			sourceTree = "<group>";
		};
		55DE6F3F291933BC00DBBCA7 /* MyHabitsTests */ = {
			isa = PBXGroup;
			children = (
				55DE6F40291933BC00DBBCA7 /* MyHabitsTests.swift */,
			);
			path = MyHabitsTests;
			sourceTree = "<group>";
		};
		55DE6F49291933BC00DBBCA7 /* MyHabitsUITests */ = {
			isa = PBXGroup;
			children = (
				55DE6F4A291933BC00DBBCA7 /* MyHabitsUITests.swift */,
				55DE6F4C291933BC00DBBCA7 /* MyHabitsUITestsLaunchTests.swift */,
			);
			path = MyHabitsUITests;
			sourceTree = "<group>";
		};
/* End PBXGroup section */

/* Begin PBXNativeTarget section */
		55DE6F25291933B800DBBCA7 /* MyHabits */ = {
			isa = PBXNativeTarget;
			buildConfigurationList = 55DE6F50291933BC00DBBCA7 /* Build configuration list for PBXNativeTarget "MyHabits" */;
			buildPhases = (
				55DE6F22291933B800DBBCA7 /* Sources */,
				55DE6F23291933B800DBBCA7 /* Frameworks */,
				55DE6F24291933B800DBBCA7 /* Resources */,
			);
			buildRules = (
			);
			dependencies = (
			);
			name = MyHabits;
			productName = MyHabits;
			productReference = 55DE6F26291933B800DBBCA7 /* MyHabits.app */;
			productType = "com.apple.product-type.application";
		};
		55DE6F3B291933BC00DBBCA7 /* MyHabitsTests */ = {
			isa = PBXNativeTarget;
			buildConfigurationList = 55DE6F53291933BC00DBBCA7 /* Build configuration list for PBXNativeTarget "MyHabitsTests" */;
			buildPhases = (
				55DE6F38291933BC00DBBCA7 /* Sources */,
				55DE6F39291933BC00DBBCA7 /* Frameworks */,
				55DE6F3A291933BC00DBBCA7 /* Resources */,
			);
			buildRules = (
			);
			dependencies = (
				55DE6F3E291933BC00DBBCA7 /* PBXTargetDependency */,
			);
			name = MyHabitsTests;
			productName = MyHabitsTests;
			productReference = 55DE6F3C291933BC00DBBCA7 /* MyHabitsTests.xctest */;
			productType = "com.apple.product-type.bundle.unit-test";
		};
		55DE6F45291933BC00DBBCA7 /* MyHabitsUITests */ = {
			isa = PBXNativeTarget;
			buildConfigurationList = 55DE6F56291933BC00DBBCA7 /* Build configuration list for PBXNativeTarget "MyHabitsUITests" */;
			buildPhases = (
				55DE6F42291933BC00DBBCA7 /* Sources */,
				55DE6F43291933BC00DBBCA7 /* Frameworks */,
				55DE6F44291933BC00DBBCA7 /* Resources */,
			);
			buildRules = (
			);
			dependencies = (
				55DE6F48291933BC00DBBCA7 /* PBXTargetDependency */,
			);
			name = MyHabitsUITests;
			productName = MyHabitsUITests;
			productReference = 55DE6F46291933BC00DBBCA7 /* MyHabitsUITests.xctest */;
			productType = "com.apple.product-type.bundle.ui-testing";
		};
/* End PBXNativeTarget section */

/* Begin PBXProject section */
		55DE6F1E291933B800DBBCA7 /* Project object */ = {
			isa = PBXProject;
			attributes = {
				BuildIndependentTargetsInParallel = 1;
				LastSwiftUpdateCheck = 1400;
				LastUpgradeCheck = 1400;
				TargetAttributes = {
					55DE6F25291933B800DBBCA7 = {
						CreatedOnToolsVersion = 14.0;
					};
					55DE6F3B291933BC00DBBCA7 = {
						CreatedOnToolsVersion = 14.0;
						TestTargetID = 55DE6F25291933B800DBBCA7;
					};
					55DE6F45291933BC00DBBCA7 = {
						CreatedOnToolsVersion = 14.0;
						TestTargetID = 55DE6F25291933B800DBBCA7;
					};
				};
			};
			buildConfigurationList = 55DE6F21291933B800DBBCA7 /* Build configuration list for PBXProject "MyHabits" */;
			compatibilityVersion = "Xcode 14.0";
			developmentRegion = en;
			hasScannedForEncodings = 0;
			knownRegions = (
				en,
				Base,
			);
			mainGroup = 55DE6F1D291933B800DBBCA7;
			productRefGroup = 55DE6F27291933B800DBBCA7 /* Products */;
			projectDirPath = "";
			projectRoot = "";
			targets = (
				55DE6F25291933B800DBBCA7 /* MyHabits */,
				55DE6F3B291933BC00DBBCA7 /* MyHabitsTests */,
				55DE6F45291933BC00DBBCA7 /* MyHabitsUITests */,
			);
		};
/* End PBXProject section */

/* Begin PBXResourcesBuildPhase section */
		55DE6F24291933B800DBBCA7 /* Resources */ = {
			isa = PBXResourcesBuildPhase;
			buildActionMask = 2147483647;
			files = (
				55DE6F36291933BB00DBBCA7 /* LaunchScreen.storyboard in Resources */,
				55DE6F33291933BB00DBBCA7 /* Assets.xcassets in Resources */,
				55DE6F31291933B800DBBCA7 /* Main.storyboard in Resources */,
			);
			runOnlyForDeploymentPostprocessing = 0;
		};
		55DE6F3A291933BC00DBBCA7 /* Resources */ = {
			isa = PBXResourcesBuildPhase;
			buildActionMask = 2147483647;
			files = (
			);
			runOnlyForDeploymentPostprocessing = 0;
		};
		55DE6F44291933BC00DBBCA7 /* Resources */ = {
			isa = PBXResourcesBuildPhase;
			buildActionMask = 2147483647;
			files = (
			);
			runOnlyForDeploymentPostprocessing = 0;
		};
/* End PBXResourcesBuildPhase section */

/* Begin PBXSourcesBuildPhase section */
		55DE6F22291933B800DBBCA7 /* Sources */ = {
			isa = PBXSourcesBuildPhase;
			buildActionMask = 2147483647;
			files = (
				55DE6F2E291933B800DBBCA7 /* ViewController.swift in Sources */,
				55DE6F2A291933B800DBBCA7 /* AppDelegate.swift in Sources */,
				55DE6F2C291933B800DBBCA7 /* SceneDelegate.swift in Sources */,
			);
			runOnlyForDeploymentPostprocessing = 0;
		};
		55DE6F38291933BC00DBBCA7 /* Sources */ = {
			isa = PBXSourcesBuildPhase;
			buildActionMask = 2147483647;
			files = (
				55DE6F41291933BC00DBBCA7 /* MyHabitsTests.swift in Sources */,
			);
			runOnlyForDeploymentPostprocessing = 0;
		};
		55DE6F42291933BC00DBBCA7 /* Sources */ = {
			isa = PBXSourcesBuildPhase;
			buildActionMask = 2147483647;
			files = (
				55DE6F4D291933BC00DBBCA7 /* MyHabitsUITestsLaunchTests.swift in Sources */,
				55DE6F4B291933BC00DBBCA7 /* MyHabitsUITests.swift in Sources */,
			);
			runOnlyForDeploymentPostprocessing = 0;
		};
/* End PBXSourcesBuildPhase section */

/* Begin PBXTargetDependency section */
		55DE6F3E291933BC00DBBCA7 /* PBXTargetDependency */ = {
			isa = PBXTargetDependency;
			target = 55DE6F25291933B800DBBCA7 /* MyHabits */;
			targetProxy = 55DE6F3D291933BC00DBBCA7 /* PBXContainerItemProxy */;
		};
		55DE6F48291933BC00DBBCA7 /* PBXTargetDependency */ = {
			isa = PBXTargetDependency;
			target = 55DE6F25291933B800DBBCA7 /* MyHabits */;
			targetProxy = 55DE6F47291933BC00DBBCA7 /* PBXContainerItemProxy */;
		};
/* End PBXTargetDependency section */

/* Begin PBXVariantGroup section */
		55DE6F2F291933B800DBBCA7 /* Main.storyboard */ = {
			isa = PBXVariantGroup;
			children = (
				55DE6F30291933B800DBBCA7 /* Base */,
			);
			name = Main.storyboard;
			sourceTree = "<group>";
		};
		55DE6F34291933BB00DBBCA7 /* LaunchScreen.storyboard */ = {
			isa = PBXVariantGroup;
			children = (
				55DE6F35291933BB00DBBCA7 /* Base */,
			);
			name = LaunchScreen.storyboard;
			sourceTree = "<group>";
		};
/* End PBXVariantGroup section */

/* Begin XCBuildConfiguration section */
		55DE6F4E291933BC00DBBCA7 /* Debug */ = {
			isa = XCBuildConfiguration;
			buildSettings = {
				ALWAYS_SEARCH_USER_PATHS = NO;
				CLANG_ANALYZER_NONNULL = YES;
				CLANG_ANALYZER_NUMBER_OBJECT_CONVERSION = YES_AGGRESSIVE;
				CLANG_CXX_LANGUAGE_STANDARD = "gnu++20";
				CLANG_ENABLE_MODULES = YES;
				CLANG_ENABLE_OBJC_ARC = YES;
				CLANG_ENABLE_OBJC_WEAK = YES;
				CLANG_WARN_BLOCK_CAPTURE_AUTORELEASING = YES;
				CLANG_WARN_BOOL_CONVERSION = YES;
				CLANG_WARN_COMMA = YES;
				CLANG_WARN_CONSTANT_CONVERSION = YES;
				CLANG_WARN_DEPRECATED_OBJC_IMPLEMENTATIONS = YES;
				CLANG_WARN_DIRECT_OBJC_ISA_USAGE = YES_ERROR;
				CLANG_WARN_DOCUMENTATION_COMMENTS = YES;
				CLANG_WARN_EMPTY_BODY = YES;
				CLANG_WARN_ENUM_CONVERSION = YES;
				CLANG_WARN_INFINITE_RECURSION = YES;
				CLANG_WARN_INT_CONVERSION = YES;
				CLANG_WARN_NON_LITERAL_NULL_CONVERSION = YES;
				CLANG_WARN_OBJC_IMPLICIT_RETAIN_SELF = YES;
				CLANG_WARN_OBJC_LITERAL_CONVERSION = YES;
				CLANG_WARN_OBJC_ROOT_CLASS = YES_ERROR;
				CLANG_WARN_QUOTED_INCLUDE_IN_FRAMEWORK_HEADER = YES;
				CLANG_WARN_RANGE_LOOP_ANALYSIS = YES;
				CLANG_WARN_STRICT_PROTOTYPES = YES;
				CLANG_WARN_SUSPICIOUS_MOVE = YES;
				CLANG_WARN_UNGUARDED_AVAILABILITY = YES_AGGRESSIVE;
				CLANG_WARN_UNREACHABLE_CODE = YES;
				CLANG_WARN__DUPLICATE_METHOD_MATCH = YES;
				COPY_PHASE_STRIP = NO;
				DEBUG_INFORMATION_FORMAT = dwarf;
				ENABLE_STRICT_OBJC_MSGSEND = YES;
				ENABLE_TESTABILITY = YES;
				GCC_C_LANGUAGE_STANDARD = gnu11;
				GCC_DYNAMIC_NO_PIC = NO;
				GCC_NO_COMMON_BLOCKS = YES;
				GCC_OPTIMIZATION_LEVEL = 0;
				GCC_PREPROCESSOR_DEFINITIONS = (
					"DEBUG=1",
					"$(inherited)",
				);
				GCC_WARN_64_TO_32_BIT_CONVERSION = YES;
				GCC_WARN_ABOUT_RETURN_TYPE = YES_ERROR;
				GCC_WARN_UNDECLARED_SELECTOR = YES;
				GCC_WARN_UNINITIALIZED_AUTOS = YES_AGGRESSIVE;
				GCC_WARN_UNUSED_FUNCTION = YES;
				GCC_WARN_UNUSED_VARIABLE = YES;
				IPHONEOS_DEPLOYMENT_TARGET = 16.0;
				MTL_ENABLE_DEBUG_INFO = INCLUDE_SOURCE;
				MTL_FAST_MATH = YES;
				ONLY_ACTIVE_ARCH = YES;
				SDKROOT = iphoneos;
				SWIFT_ACTIVE_COMPILATION_CONDITIONS = DEBUG;
				SWIFT_OPTIMIZATION_LEVEL = "-Onone";
			};
			name = Debug;
		};
		55DE6F4F291933BC00DBBCA7 /* Release */ = {
			isa = XCBuildConfiguration;
			buildSettings = {
				ALWAYS_SEARCH_USER_PATHS = NO;
				CLANG_ANALYZER_NONNULL = YES;
				CLANG_ANALYZER_NUMBER_OBJECT_CONVERSION = YES_AGGRESSIVE;
				CLANG_CXX_LANGUAGE_STANDARD = "gnu++20";
				CLANG_ENABLE_MODULES = YES;
				CLANG_ENABLE_OBJC_ARC = YES;
				CLANG_ENABLE_OBJC_WEAK = YES;
				CLANG_WARN_BLOCK_CAPTURE_AUTORELEASING = YES;
				CLANG_WARN_BOOL_CONVERSION = YES;
				CLANG_WARN_COMMA = YES;
				CLANG_WARN_CONSTANT_CONVERSION = YES;
				CLANG_WARN_DEPRECATED_OBJC_IMPLEMENTATIONS = YES;
				CLANG_WARN_DIRECT_OBJC_ISA_USAGE = YES_ERROR;
				CLANG_WARN_DOCUMENTATION_COMMENTS = YES;
				CLANG_WARN_EMPTY_BODY = YES;
				CLANG_WARN_ENUM_CONVERSION = YES;
				CLANG_WARN_INFINITE_RECURSION = YES;
				CLANG_WARN_INT_CONVERSION = YES;
				CLANG_WARN_NON_LITERAL_NULL_CONVERSION = YES;
				CLANG_WARN_OBJC_IMPLICIT_RETAIN_SELF = YES;
				CLANG_WARN_OBJC_LITERAL_CONVERSION = YES;
				CLANG_WARN_OBJC_ROOT_CLASS = YES_ERROR;
				CLANG_WARN_QUOTED_INCLUDE_IN_FRAMEWORK_HEADER = YES;
				CLANG_WARN_RANGE_LOOP_ANALYSIS = YES;
				CLANG_WARN_STRICT_PROTOTYPES = YES;
				CLANG_WARN_SUSPICIOUS_MOVE = YES;
				CLANG_WARN_UNGUARDED_AVAILABILITY = YES_AGGRESSIVE;
				CLANG_WARN_UNREACHABLE_CODE = YES;
				CLANG_WARN__DUPLICATE_METHOD_MATCH = YES;
				COPY_PHASE_STRIP = NO;
				DEBUG_INFORMATION_FORMAT = "dwarf-with-dsym";
				ENABLE_NS_ASSERTIONS = NO;
				ENABLE_STRICT_OBJC_MSGSEND = YES;
				GCC_C_LANGUAGE_STANDARD = gnu11;
				GCC_NO_COMMON_BLOCKS = YES;
				GCC_WARN_64_TO_32_BIT_CONVERSION = YES;
				GCC_WARN_ABOUT_RETURN_TYPE = YES_ERROR;
				GCC_WARN_UNDECLARED_SELECTOR = YES;
				GCC_WARN_UNINITIALIZED_AUTOS = YES_AGGRESSIVE;
				GCC_WARN_UNUSED_FUNCTION = YES;
				GCC_WARN_UNUSED_VARIABLE = YES;
				IPHONEOS_DEPLOYMENT_TARGET = 16.0;
				MTL_ENABLE_DEBUG_INFO = NO;
				MTL_FAST_MATH = YES;
				SDKROOT = iphoneos;
				SWIFT_COMPILATION_MODE = wholemodule;
				SWIFT_OPTIMIZATION_LEVEL = "-O";
				VALIDATE_PRODUCT = YES;
			};
			name = Release;
		};
		55DE6F51291933BC00DBBCA7 /* Debug */ = {
			isa = XCBuildConfiguration;
			buildSettings = {
				ASSETCATALOG_COMPILER_APPICON_NAME = AppIcon;
				ASSETCATALOG_COMPILER_GLOBAL_ACCENT_COLOR_NAME = AccentColor;
				CODE_SIGN_STYLE = Automatic;
				CURRENT_PROJECT_VERSION = 1;
				GENERATE_INFOPLIST_FILE = YES;
				INFOPLIST_FILE = MyHabits/Info.plist;
				INFOPLIST_KEY_UIApplicationSupportsIndirectInputEvents = YES;
				INFOPLIST_KEY_UILaunchStoryboardName = LaunchScreen;
				INFOPLIST_KEY_UIMainStoryboardFile = Main;
				INFOPLIST_KEY_UISupportedInterfaceOrientations_iPad = "UIInterfaceOrientationPortrait UIInterfaceOrientationPortraitUpsideDown UIInterfaceOrientationLandscapeLeft UIInterfaceOrientationLandscapeRight";
				INFOPLIST_KEY_UISupportedInterfaceOrientations_iPhone = "UIInterfaceOrientationPortrait UIInterfaceOrientationLandscapeLeft UIInterfaceOrientationLandscapeRight";
				LD_RUNPATH_SEARCH_PATHS = (
					"$(inherited)",
					"@executable_path/Frameworks",
				);
				MARKETING_VERSION = 1.0;
				PRODUCT_BUNDLE_IDENTIFIER = "----.MyHabits";
				PRODUCT_NAME = "$(TARGET_NAME)";
				SWIFT_EMIT_LOC_STRINGS = YES;
				SWIFT_VERSION = 5.0;
				TARGETED_DEVICE_FAMILY = "1,2";
			};
			name = Debug;
		};
		55DE6F52291933BC00DBBCA7 /* Release */ = {
			isa = XCBuildConfiguration;
			buildSettings = {
				ASSETCATALOG_COMPILER_APPICON_NAME = AppIcon;
				ASSETCATALOG_COMPILER_GLOBAL_ACCENT_COLOR_NAME = AccentColor;
				CODE_SIGN_STYLE = Automatic;
				CURRENT_PROJECT_VERSION = 1;
				GENERATE_INFOPLIST_FILE = YES;
				INFOPLIST_FILE = MyHabits/Info.plist;
				INFOPLIST_KEY_UIApplicationSupportsIndirectInputEvents = YES;
				INFOPLIST_KEY_UILaunchStoryboardName = LaunchScreen;
				INFOPLIST_KEY_UIMainStoryboardFile = Main;
				INFOPLIST_KEY_UISupportedInterfaceOrientations_iPad = "UIInterfaceOrientationPortrait UIInterfaceOrientationPortraitUpsideDown UIInterfaceOrientationLandscapeLeft UIInterfaceOrientationLandscapeRight";
				INFOPLIST_KEY_UISupportedInterfaceOrientations_iPhone = "UIInterfaceOrientationPortrait UIInterfaceOrientationLandscapeLeft UIInterfaceOrientationLandscapeRight";
				LD_RUNPATH_SEARCH_PATHS = (
					"$(inherited)",
					"@executable_path/Frameworks",
				);
				MARKETING_VERSION = 1.0;
				PRODUCT_BUNDLE_IDENTIFIER = "----.MyHabits";
				PRODUCT_NAME = "$(TARGET_NAME)";
				SWIFT_EMIT_LOC_STRINGS = YES;
				SWIFT_VERSION = 5.0;
				TARGETED_DEVICE_FAMILY = "1,2";
			};
			name = Release;
		};
		55DE6F54291933BC00DBBCA7 /* Debug */ = {
			isa = XCBuildConfiguration;
			buildSettings = {
				ALWAYS_EMBED_SWIFT_STANDARD_LIBRARIES = YES;
				BUNDLE_LOADER = "$(TEST_HOST)";
				CODE_SIGN_STYLE = Automatic;
				CURRENT_PROJECT_VERSION = 1;
				GENERATE_INFOPLIST_FILE = YES;
				IPHONEOS_DEPLOYMENT_TARGET = 16.0;
				MARKETING_VERSION = 1.0;
				PRODUCT_BUNDLE_IDENTIFIER = "----.MyHabitsTests";
				PRODUCT_NAME = "$(TARGET_NAME)";
				SWIFT_EMIT_LOC_STRINGS = NO;
				SWIFT_VERSION = 5.0;
				TARGETED_DEVICE_FAMILY = "1,2";
				TEST_HOST = "$(BUILT_PRODUCTS_DIR)/MyHabits.app/$(BUNDLE_EXECUTABLE_FOLDER_PATH)/MyHabits";
			};
			name = Debug;
		};
		55DE6F55291933BC00DBBCA7 /* Release */ = {
			isa = XCBuildConfiguration;
			buildSettings = {
				ALWAYS_EMBED_SWIFT_STANDARD_LIBRARIES = YES;
				BUNDLE_LOADER = "$(TEST_HOST)";
				CODE_SIGN_STYLE = Automatic;
				CURRENT_PROJECT_VERSION = 1;
				GENERATE_INFOPLIST_FILE = YES;
				IPHONEOS_DEPLOYMENT_TARGET = 16.0;
				MARKETING_VERSION = 1.0;
				PRODUCT_BUNDLE_IDENTIFIER = "----.MyHabitsTests";
				PRODUCT_NAME = "$(TARGET_NAME)";
				SWIFT_EMIT_LOC_STRINGS = NO;
				SWIFT_VERSION = 5.0;
				TARGETED_DEVICE_FAMILY = "1,2";
				TEST_HOST = "$(BUILT_PRODUCTS_DIR)/MyHabits.app/$(BUNDLE_EXECUTABLE_FOLDER_PATH)/MyHabits";
			};
			name = Release;
		};
		55DE6F57291933BC00DBBCA7 /* Debug */ = {
			isa = XCBuildConfiguration;
			buildSettings = {
				ALWAYS_EMBED_SWIFT_STANDARD_LIBRARIES = YES;
				CODE_SIGN_STYLE = Automatic;
				CURRENT_PROJECT_VERSION = 1;
				GENERATE_INFOPLIST_FILE = YES;
				MARKETING_VERSION = 1.0;
				PRODUCT_BUNDLE_IDENTIFIER = "----.MyHabitsUITests";
				PRODUCT_NAME = "$(TARGET_NAME)";
				SWIFT_EMIT_LOC_STRINGS = NO;
				SWIFT_VERSION = 5.0;
				TARGETED_DEVICE_FAMILY = "1,2";
				TEST_TARGET_NAME = MyHabits;
			};
			name = Debug;
		};
		55DE6F58291933BC00DBBCA7 /* Release */ = {
			isa = XCBuildConfiguration;
			buildSettings = {
				ALWAYS_EMBED_SWIFT_STANDARD_LIBRARIES = YES;
				CODE_SIGN_STYLE = Automatic;
				CURRENT_PROJECT_VERSION = 1;
				GENERATE_INFOPLIST_FILE = YES;
				MARKETING_VERSION = 1.0;
				PRODUCT_BUNDLE_IDENTIFIER = "----.MyHabitsUITests";
				PRODUCT_NAME = "$(TARGET_NAME)";
				SWIFT_EMIT_LOC_STRINGS = NO;
				SWIFT_VERSION = 5.0;
				TARGETED_DEVICE_FAMILY = "1,2";
				TEST_TARGET_NAME = MyHabits;
			};
			name = Release;
		};
/* End XCBuildConfiguration section */

/* Begin XCConfigurationList section */
		55DE6F21291933B800DBBCA7 /* Build configuration list for PBXProject "MyHabits" */ = {
			isa = XCConfigurationList;
			buildConfigurations = (
				55DE6F4E291933BC00DBBCA7 /* Debug */,
				55DE6F4F291933BC00DBBCA7 /* Release */,
			);
			defaultConfigurationIsVisible = 0;
			defaultConfigurationName = Release;
		};
		55DE6F50291933BC00DBBCA7 /* Build configuration list for PBXNativeTarget "MyHabits" */ = {
			isa = XCConfigurationList;
			buildConfigurations = (
				55DE6F51291933BC00DBBCA7 /* Debug */,
				55DE6F52291933BC00DBBCA7 /* Release */,
			);
			defaultConfigurationIsVisible = 0;
			defaultConfigurationName = Release;
		};
		55DE6F53291933BC00DBBCA7 /* Build configuration list for PBXNativeTarget "MyHabitsTests" */ = {
			isa = XCConfigurationList;
			buildConfigurations = (
				55DE6F54291933BC00DBBCA7 /* Debug */,
				55DE6F55291933BC00DBBCA7 /* Release */,
			);
			defaultConfigurationIsVisible = 0;
			defaultConfigurationName = Release;
		};
		55DE6F56291933BC00DBBCA7 /* Build configuration list for PBXNativeTarget "MyHabitsUITests" */ = {
			isa = XCConfigurationList;
			buildConfigurations = (
				55DE6F57291933BC00DBBCA7 /* Debug */,
				55DE6F58291933BC00DBBCA7 /* Release */,
			);
			defaultConfigurationIsVisible = 0;
			defaultConfigurationName = Release;
		};
/* End XCConfigurationList section */
	};
	rootObject = 55DE6F1E291933B800DBBCA7 /* Project object */;
}
